
Microsoft Visual Studio Solution File, Format Version 12.00
Project("{FAE04EC0-301F-11D3-BF4B-00C04F79EFBC}") = "tut_apdb3", "tut_apdb3\tut_apdb3.csproj", "{BD97B9A6-ACD5-43F4-AEBC-A8DC0A4EFF1C}"
EndProject
Global
	GlobalSection(SolutionConfigurationPlatforms) = preSolution
		Debug|Any CPU = Debug|Any CPU
		Release|Any CPU = Release|Any CPU
	EndGlobalSection
	GlobalSection(ProjectConfigurationPlatforms) = postSolution
		{BD97B9A6-ACD5-43F4-AEBC-A8DC0A4EFF1C}.Debug|Any CPU.ActiveCfg = Debug|Any CPU
		{BD97B9A6-ACD5-43F4-AEBC-A8DC0A4EFF1C}.Debug|Any CPU.Build.0 = Debug|Any CPU
		{BD97B9A6-ACD5-43F4-AEBC-A8DC0A4EFF1C}.Release|Any CPU.ActiveCfg = Release|Any CPU
		{BD97B9A6-ACD5-43F4-AEBC-A8DC0A4EFF1C}.Release|Any CPU.Build.0 = Release|Any CPU
	EndGlobalSection
EndGlobal
